
Microsoft Visual Studio Solution File, Format Version 12.00
# Visual Studio Version 17
VisualStudioVersion = 17.9.34616.47
MinimumVisualStudioVersion = 10.0.40219.1
Project("{FAE04EC0-301F-11D3-BF4B-00C04F79EFBC}") = "IndieSphere", "IndieSphere\IndieSphere.csproj", "{6E0BA718-DBDD-4F9E-8F2C-54D8DF061A6B}"
EndProject
Project("{FAE04EC0-301F-11D3-BF4B-00C04F79EFBC}") = "IndieSphere.Client", "IndieSphere.Client\IndieSphere.Client.csproj", "{69AD76C9-EFBB-459F-ABDD-BA4E556682D0}"
EndProject
Global
	GlobalSection(SolutionConfigurationPlatforms) = preSolution
		Debug|Any CPU = Debug|Any CPU
		Release|Any CPU = Release|Any CPU
	EndGlobalSection
	GlobalSection(ProjectConfigurationPlatforms) = postSolution
		{6E0BA718-DBDD-4F9E-8F2C-54D8DF061A6B}.Debug|Any CPU.ActiveCfg = Debug|Any CPU
		{6E0BA718-DBDD-4F9E-8F2C-54D8DF061A6B}.Debug|Any CPU.Build.0 = Debug|Any CPU
		{6E0BA718-DBDD-4F9E-8F2C-54D8DF061A6B}.Release|Any CPU.ActiveCfg = Release|Any CPU
		{6E0BA718-DBDD-4F9E-8F2C-54D8DF061A6B}.Release|Any CPU.Build.0 = Release|Any CPU
		{69AD76C9-EFBB-459F-ABDD-BA4E556682D0}.Debug|Any CPU.ActiveCfg = Debug|Any CPU
		{69AD76C9-EFBB-459F-ABDD-BA4E556682D0}.Debug|Any CPU.Build.0 = Debug|Any CPU
		{69AD76C9-EFBB-459F-ABDD-BA4E556682D0}.Release|Any CPU.ActiveCfg = Release|Any CPU
		{69AD76C9-EFBB-459F-ABDD-BA4E556682D0}.Release|Any CPU.Build.0 = Release|Any CPU
	EndGlobalSection
	GlobalSection(SolutionProperties) = preSolution
		HideSolutionNode = FALSE
	EndGlobalSection
	GlobalSection(ExtensibilityGlobals) = postSolution
		SolutionGuid = {70FA5B57-750F-4EB0-90B3-EFABE6254E14}
	EndGlobalSection
EndGlobal
